
Microsoft Visual Studio Solution File, Format Version 12.00
# Visual Studio Version 16
VisualStudioVersion = 16.0.31729.503
MinimumVisualStudioVersion = 10.0.40219.1
Project("{8BC9CEB8-8B4A-11D0-8D11-00A0C91BC942}") = "btvn 6", "btvn 6.vcxproj", "{9B15C311-C8CB-434B-8947-0A48FE3B8F93}"
EndProject
Project("{8BC9CEB8-8B4A-11D0-8D11-00A0C91BC942}") = "BTVN 5a", "..\BTVN\BTVN 6a\BTVN 6a.vcxproj", "{457C1950-0622-4ADE-A852-68A6F36DA9E8}"
EndProject
Project("{8BC9CEB8-8B4A-11D0-8D11-00A0C91BC942}") = "btvn 5b", "C:\Users\User\source\repos\btvn 5b\btvn 5b.vcxproj", "{7C52387B-2042-4B0A-B4EE-0AAC3F8DBBD7}"
EndProject
Project("{8BC9CEB8-8B4A-11D0-8D11-00A0C91BC942}") = "btvn5c", "C:\Users\User\source\repos\btvn5b\btvn5b.vcxproj", "{22FBF3AE-BC52-483A-A018-134EECDB864F}"
EndProject
Global
	GlobalSection(SolutionConfigurationPlatforms) = preSolution
		Debug|x64 = Debug|x64
		Debug|x86 = Debug|x86
		Release|x64 = Release|x64
		Release|x86 = Release|x86
	EndGlobalSection
	GlobalSection(ProjectConfigurationPlatforms) = postSolution
		{9B15C311-C8CB-434B-8947-0A48FE3B8F93}.Debug|x64.ActiveCfg = Debug|x64
		{9B15C311-C8CB-434B-8947-0A48FE3B8F93}.Debug|x64.Build.0 = Debug|x64
		{9B15C311-C8CB-434B-8947-0A48FE3B8F93}.Debug|x86.ActiveCfg = Debug|Win32
		{9B15C311-C8CB-434B-8947-0A48FE3B8F93}.Debug|x86.Build.0 = Debug|Win32
		{9B15C311-C8CB-434B-8947-0A48FE3B8F93}.Release|x64.ActiveCfg = Release|x64
		{9B15C311-C8CB-434B-8947-0A48FE3B8F93}.Release|x64.Build.0 = Release|x64
		{9B15C311-C8CB-434B-8947-0A48FE3B8F93}.Release|x86.ActiveCfg = Release|Win32
		{9B15C311-C8CB-434B-8947-0A48FE3B8F93}.Release|x86.Build.0 = Release|Win32
		{457C1950-0622-4ADE-A852-68A6F36DA9E8}.Debug|x64.ActiveCfg = Debug|x64
		{457C1950-0622-4ADE-A852-68A6F36DA9E8}.Debug|x64.Build.0 = Debug|x64
		{457C1950-0622-4ADE-A852-68A6F36DA9E8}.Debug|x86.ActiveCfg = Debug|Win32
		{457C1950-0622-4ADE-A852-68A6F36DA9E8}.Debug|x86.Build.0 = Debug|Win32
		{457C1950-0622-4ADE-A852-68A6F36DA9E8}.Release|x64.ActiveCfg = Release|x64
		{457C1950-0622-4ADE-A852-68A6F36DA9E8}.Release|x64.Build.0 = Release|x64
		{457C1950-0622-4ADE-A852-68A6F36DA9E8}.Release|x86.ActiveCfg = Release|Win32
		{457C1950-0622-4ADE-A852-68A6F36DA9E8}.Release|x86.Build.0 = Release|Win32
		{7C52387B-2042-4B0A-B4EE-0AAC3F8DBBD7}.Debug|x64.ActiveCfg = Debug|x64
		{7C52387B-2042-4B0A-B4EE-0AAC3F8DBBD7}.Debug|x64.Build.0 = Debug|x64
		{7C52387B-2042-4B0A-B4EE-0AAC3F8DBBD7}.Debug|x86.ActiveCfg = Debug|Win32
		{7C52387B-2042-4B0A-B4EE-0AAC3F8DBBD7}.Debug|x86.Build.0 = Debug|Win32
		{7C52387B-2042-4B0A-B4EE-0AAC3F8DBBD7}.Release|x64.ActiveCfg = Release|x64
		{7C52387B-2042-4B0A-B4EE-0AAC3F8DBBD7}.Release|x64.Build.0 = Release|x64
		{7C52387B-2042-4B0A-B4EE-0AAC3F8DBBD7}.Release|x86.ActiveCfg = Release|Win32
		{7C52387B-2042-4B0A-B4EE-0AAC3F8DBBD7}.Release|x86.Build.0 = Release|Win32
		{22FBF3AE-BC52-483A-A018-134EECDB864F}.Debug|x64.ActiveCfg = Debug|x64
		{22FBF3AE-BC52-483A-A018-134EECDB864F}.Debug|x64.Build.0 = Debug|x64
		{22FBF3AE-BC52-483A-A018-134EECDB864F}.Debug|x86.ActiveCfg = Debug|Win32
		{22FBF3AE-BC52-483A-A018-134EECDB864F}.Debug|x86.Build.0 = Debug|Win32
		{22FBF3AE-BC52-483A-A018-134EECDB864F}.Release|x64.ActiveCfg = Release|x64
		{22FBF3AE-BC52-483A-A018-134EECDB864F}.Release|x64.Build.0 = Release|x64
		{22FBF3AE-BC52-483A-A018-134EECDB864F}.Release|x86.ActiveCfg = Release|Win32
		{22FBF3AE-BC52-483A-A018-134EECDB864F}.Release|x86.Build.0 = Release|Win32
	EndGlobalSection
	GlobalSection(SolutionProperties) = preSolution
		HideSolutionNode = FALSE
	EndGlobalSection
	GlobalSection(ExtensibilityGlobals) = postSolution
		SolutionGuid = {674390E6-AB3C-4DB7-A62D-A443FFAADC04}
	EndGlobalSection
EndGlobal
